// !$*UTF8*$!
{
	archiveVersion = 1;
	classes = {
	};
	objectVersion = 77;
	objects = {

/* Begin PBXContainerItemProxy section */
		8ADF88652E73CAE000EF3638 /* PBXContainerItemProxy */ = {
			isa = PBXContainerItemProxy;
			containerPortal = 8ADF884F2E73CADF00EF3638 /* Project object */;
			proxyType = 1;
			remoteGlobalIDString = 8ADF88562E73CADF00EF3638;
			remoteInfo = hammertime;
		};
		8ADF886F2E73CAE000EF3638 /* PBXContainerItemProxy */ = {
			isa = PBXContainerItemProxy;
			containerPortal = 8ADF884F2E73CADF00EF3638 /* Project object */;
			proxyType = 1;
			remoteGlobalIDString = 8ADF88562E73CADF00EF3638;
			remoteInfo = hammertime;
		};
/* End PBXContainerItemProxy section */

/* Begin PBXFileReference section */
		8ADF88572E73CADF00EF3638 /* hammertime.app */ = {isa = PBXFileReference; explicitFileType = wrapper.application; includeInIndex = 0; path = hammertime.app; sourceTree = BUILT_PRODUCTS_DIR; };
		8ADF88642E73CAE000EF3638 /* hammertimeTests.xctest */ = {isa = PBXFileReference; explicitFileType = wrapper.cfbundle; includeInIndex = 0; path = hammertimeTests.xctest; sourceTree = BUILT_PRODUCTS_DIR; };
		8ADF886E2E73CAE000EF3638 /* hammertimeUITests.xctest */ = {isa = PBXFileReference; explicitFileType = wrapper.cfbundle; includeInIndex = 0; path = hammertimeUITests.xctest; sourceTree = BUILT_PRODUCTS_DIR; };
/* End PBXFileReference section */

/* Begin PBXFileSystemSynchronizedRootGroup section */
		8ADF88592E73CADF00EF3638 /* hammertime */ = {
			isa = PBXFileSystemSynchronizedRootGroup;
			path = hammertime;
			sourceTree = "<group>";
		};
		8ADF88672E73CAE000EF3638 /* hammertimeTests */ = {
			isa = PBXFileSystemSynchronizedRootGroup;
			path = hammertimeTests;
			sourceTree = "<group>";
		};
		8ADF88712E73CAE000EF3638 /* hammertimeUITests */ = {
			isa = PBXFileSystemSynchronizedRootGroup;
			path = hammertimeUITests;
			sourceTree = "<group>";
		};
/* End PBXFileSystemSynchronizedRootGroup section */

/* Begin PBXFrameworksBuildPhase section */
		8ADF88542E73CADF00EF3638 /* Frameworks */ = {
			isa = PBXFrameworksBuildPhase;
			buildActionMask = 2147483647;
			files = (
			);
			runOnlyForDeploymentPostprocessing = 0;
		};
		8ADF88612E73CAE000EF3638 /* Frameworks */ = {
			isa = PBXFrameworksBuildPhase;
			buildActionMask = 2147483647;
			files = (
			);
			runOnlyForDeploymentPostprocessing = 0;
		};
		8ADF886B2E73CAE000EF3638 /* Frameworks */ = {
			isa = PBXFrameworksBuildPhase;
			buildActionMask = 2147483647;
			files = (
			);
			runOnlyForDeploymentPostprocessing = 0;
		};
/* End PBXFrameworksBuildPhase section */

/* Begin PBXGroup section */
		8ADF884E2E73CADF00EF3638 = {
			isa = PBXGroup;
			children = (
				8ADF88592E73CADF00EF3638 /* hammertime */,
				8ADF88672E73CAE000EF3638 /* hammertimeTests */,
				8ADF88712E73CAE000EF3638 /* hammertimeUITests */,
				8ADF88582E73CADF00EF3638 /* Products */,
			);
			sourceTree = "<group>";
		};
		8ADF88582E73CADF00EF3638 /* Products */ = {
			isa = PBXGroup;
			children = (
				8ADF88572E73CADF00EF3638 /* hammertime.app */,
				8ADF88642E73CAE000EF3638 /* hammertimeTests.xctest */,
				8ADF886E2E73CAE000EF3638 /* hammertimeUITests.xctest */,
			);
			name = Products;
			sourceTree = "<group>";
		};
/* End PBXGroup section */

/* Begin PBXNativeTarget section */
		8ADF88562E73CADF00EF3638 /* hammertime */ = {
			isa = PBXNativeTarget;
			buildConfigurationList = 8ADF88782E73CAE000EF3638 /* Build configuration list for PBXNativeTarget "hammertime" */;
			buildPhases = (
				8ADF88532E73CADF00EF3638 /* Sources */,
				8ADF88542E73CADF00EF3638 /* Frameworks */,
				8ADF88552E73CADF00EF3638 /* Resources */,
			);
			buildRules = (
			);
			dependencies = (
			);
			fileSystemSynchronizedGroups = (
				8ADF88592E73CADF00EF3638 /* hammertime */,
			);
			name = hammertime;
			packageProductDependencies = (
			);
			productName = hammertime;
			productReference = 8ADF88572E73CADF00EF3638 /* hammertime.app */;
			productType = "com.apple.product-type.application";
		};
		8ADF88632E73CAE000EF3638 /* hammertimeTests */ = {
			isa = PBXNativeTarget;
			buildConfigurationList = 8ADF887B2E73CAE000EF3638 /* Build configuration list for PBXNativeTarget "hammertimeTests" */;
			buildPhases = (
				8ADF88602E73CAE000EF3638 /* Sources */,
				8ADF88612E73CAE000EF3638 /* Frameworks */,
				8ADF88622E73CAE000EF3638 /* Resources */,
			);
			buildRules = (
			);
			dependencies = (
				8ADF88662E73CAE000EF3638 /* PBXTargetDependency */,
			);
			fileSystemSynchronizedGroups = (
				8ADF88672E73CAE000EF3638 /* hammertimeTests */,
			);
			name = hammertimeTests;
			packageProductDependencies = (
			);
			productName = hammertimeTests;
			productReference = 8ADF88642E73CAE000EF3638 /* hammertimeTests.xctest */;
			productType = "com.apple.product-type.bundle.unit-test";
		};
		8ADF886D2E73CAE000EF3638 /* hammertimeUITests */ = {
			isa = PBXNativeTarget;
			buildConfigurationList = 8ADF887E2E73CAE000EF3638 /* Build configuration list for PBXNativeTarget "hammertimeUITests" */;
			buildPhases = (
				8ADF886A2E73CAE000EF3638 /* Sources */,
				8ADF886B2E73CAE000EF3638 /* Frameworks */,
				8ADF886C2E73CAE000EF3638 /* Resources */,
			);
			buildRules = (
			);
			dependencies = (
				8ADF88702E73CAE000EF3638 /* PBXTargetDependency */,
			);
			fileSystemSynchronizedGroups = (
				8ADF88712E73CAE000EF3638 /* hammertimeUITests */,
			);
			name = hammertimeUITests;
			packageProductDependencies = (
			);
			productName = hammertimeUITests;
			productReference = 8ADF886E2E73CAE000EF3638 /* hammertimeUITests.xctest */;
			productType = "com.apple.product-type.bundle.ui-testing";
		};
/* End PBXNativeTarget section */

/* Begin PBXProject section */
		8ADF884F2E73CADF00EF3638 /* Project object */ = {
			isa = PBXProject;
			attributes = {
				BuildIndependentTargetsInParallel = 1;
				LastSwiftUpdateCheck = 1640;
				LastUpgradeCheck = 1640;
				TargetAttributes = {
					8ADF88562E73CADF00EF3638 = {
						CreatedOnToolsVersion = 16.4;
					};
					8ADF88632E73CAE000EF3638 = {
						CreatedOnToolsVersion = 16.4;
						TestTargetID = 8ADF88562E73CADF00EF3638;
					};
					8ADF886D2E73CAE000EF3638 = {
						CreatedOnToolsVersion = 16.4;
						TestTargetID = 8ADF88562E73CADF00EF3638;
					};
				};
			};
			buildConfigurationList = 8ADF88522E73CADF00EF3638 /* Build configuration list for PBXProject "hammertime" */;
			developmentRegion = en;
			hasScannedForEncodings = 0;
			knownRegions = (
				en,
				Base,
			);
			mainGroup = 8ADF884E2E73CADF00EF3638;
			minimizedProjectReferenceProxies = 1;
			preferredProjectObjectVersion = 77;
			productRefGroup = 8ADF88582E73CADF00EF3638 /* Products */;
			projectDirPath = "";
			projectRoot = "";
			targets = (
				8ADF88562E73CADF00EF3638 /* hammertime */,
				8ADF88632E73CAE000EF3638 /* hammertimeTests */,
				8ADF886D2E73CAE000EF3638 /* hammertimeUITests */,
			);
		};
/* End PBXProject section */

/* Begin PBXResourcesBuildPhase section */
		8ADF88552E73CADF00EF3638 /* Resources */ = {
			isa = PBXResourcesBuildPhase;
			buildActionMask = 2147483647;
			files = (
			);
			runOnlyForDeploymentPostprocessing = 0;
		};
		8ADF88622E73CAE000EF3638 /* Resources */ = {
			isa = PBXResourcesBuildPhase;
			buildActionMask = 2147483647;
			files = (
			);
			runOnlyForDeploymentPostprocessing = 0;
		};
		8ADF886C2E73CAE000EF3638 /* Resources */ = {
			isa = PBXResourcesBuildPhase;
			buildActionMask = 2147483647;
			files = (
			);
			runOnlyForDeploymentPostprocessing = 0;
		};
/* End PBXResourcesBuildPhase section */

/* Begin PBXSourcesBuildPhase section */
		8ADF88532E73CADF00EF3638 /* Sources */ = {
			isa = PBXSourcesBuildPhase;
			buildActionMask = 2147483647;
			files = (
			);
			runOnlyForDeploymentPostprocessing = 0;
		};
		8ADF88602E73CAE000EF3638 /* Sources */ = {
			isa = PBXSourcesBuildPhase;
			buildActionMask = 2147483647;
			files = (
			);
			runOnlyForDeploymentPostprocessing = 0;
		};
		8ADF886A2E73CAE000EF3638 /* Sources */ = {
			isa = PBXSourcesBuildPhase;
			buildActionMask = 2147483647;
			files = (
			);
			runOnlyForDeploymentPostprocessing = 0;
		};
/* End PBXSourcesBuildPhase section */

/* Begin PBXTargetDependency section */
		8ADF88662E73CAE000EF3638 /* PBXTargetDependency */ = {
			isa = PBXTargetDependency;
			target = 8ADF88562E73CADF00EF3638 /* hammertime */;
			targetProxy = 8ADF88652E73CAE000EF3638 /* PBXContainerItemProxy */;
		};
		8ADF88702E73CAE000EF3638 /* PBXTargetDependency */ = {
			isa = PBXTargetDependency;
			target = 8ADF88562E73CADF00EF3638 /* hammertime */;
			targetProxy = 8ADF886F2E73CAE000EF3638 /* PBXContainerItemProxy */;
		};
/* End PBXTargetDependency section */

/* Begin XCBuildConfiguration section */
		8ADF88762E73CAE000EF3638 /* Debug */ = {
			isa = XCBuildConfiguration;
			buildSettings = {
				ALWAYS_SEARCH_USER_PATHS = NO;
				ASSETCATALOG_COMPILER_GENERATE_SWIFT_ASSET_SYMBOL_EXTENSIONS = YES;
				CLANG_ANALYZER_NONNULL = YES;
				CLANG_ANALYZER_NUMBER_OBJECT_CONVERSION = YES_AGGRESSIVE;
				CLANG_CXX_LANGUAGE_STANDARD = "gnu++20";
				CLANG_ENABLE_MODULES = YES;
				CLANG_ENABLE_OBJC_ARC = YES;
				CLANG_ENABLE_OBJC_WEAK = YES;
				CLANG_WARN_BLOCK_CAPTURE_AUTORELEASING = YES;
				CLANG_WARN_BOOL_CONVERSION = YES;
				CLANG_WARN_COMMA = YES;
				CLANG_WARN_CONSTANT_CONVERSION = YES;
				CLANG_WARN_DEPRECATED_OBJC_IMPLEMENTATIONS = YES;
				CLANG_WARN_DIRECT_OBJC_ISA_USAGE = YES_ERROR;
				CLANG_WARN_DOCUMENTATION_COMMENTS = YES;
				CLANG_WARN_EMPTY_BODY = YES;
				CLANG_WARN_ENUM_CONVERSION = YES;
				CLANG_WARN_INFINITE_RECURSION = YES;
				CLANG_WARN_INT_CONVERSION = YES;
				CLANG_WARN_NON_LITERAL_NULL_CONVERSION = YES;
				CLANG_WARN_OBJC_IMPLICIT_RETAIN_SELF = YES;
				CLANG_WARN_OBJC_LITERAL_CONVERSION = YES;
				CLANG_WARN_OBJC_ROOT_CLASS = YES_ERROR;
				CLANG_WARN_QUOTED_INCLUDE_IN_FRAMEWORK_HEADER = YES;
				CLANG_WARN_RANGE_LOOP_ANALYSIS = YES;
				CLANG_WARN_STRICT_PROTOTYPES = YES;
				CLANG_WARN_SUSPICIOUS_MOVE = YES;
				CLANG_WARN_UNGUARDED_AVAILABILITY = YES_AGGRESSIVE;
				CLANG_WARN_UNREACHABLE_CODE = YES;
				CLANG_WARN__DUPLICATE_METHOD_MATCH = YES;
				COPY_PHASE_STRIP = NO;
				DEBUG_INFORMATION_FORMAT = dwarf;
				DEVELOPMENT_TEAM = GGPYSL9J3B;
				ENABLE_STRICT_OBJC_MSGSEND = YES;
				ENABLE_TESTABILITY = YES;
				ENABLE_USER_SCRIPT_SANDBOXING = YES;
				GCC_C_LANGUAGE_STANDARD = gnu17;
				GCC_DYNAMIC_NO_PIC = NO;
				GCC_NO_COMMON_BLOCKS = YES;
				GCC_OPTIMIZATION_LEVEL = 0;
				GCC_PREPROCESSOR_DEFINITIONS = (
					"DEBUG=1",
					"$(inherited)",
				);
				GCC_WARN_64_TO_32_BIT_CONVERSION = YES;
				GCC_WARN_ABOUT_RETURN_TYPE = YES_ERROR;
				GCC_WARN_UNDECLARED_SELECTOR = YES;
				GCC_WARN_UNINITIALIZED_AUTOS = YES_AGGRESSIVE;
				GCC_WARN_UNUSED_FUNCTION = YES;
				GCC_WARN_UNUSED_VARIABLE = YES;
				IPHONEOS_DEPLOYMENT_TARGET = 18.5;
				LOCALIZATION_PREFERS_STRING_CATALOGS = YES;
				MTL_ENABLE_DEBUG_INFO = INCLUDE_SOURCE;
				MTL_FAST_MATH = YES;
				ONLY_ACTIVE_ARCH = YES;
				SDKROOT = iphoneos;
				SWIFT_ACTIVE_COMPILATION_CONDITIONS = "DEBUG $(inherited)";
				SWIFT_OPTIMIZATION_LEVEL = "-Onone";
			};
			name = Debug;
		};
		8ADF88772E73CAE000EF3638 /* Release */ = {
			isa = XCBuildConfiguration;
			buildSettings = {
				ALWAYS_SEARCH_USER_PATHS = NO;
				ASSETCATALOG_COMPILER_GENERATE_SWIFT_ASSET_SYMBOL_EXTENSIONS = YES;
				CLANG_ANALYZER_NONNULL = YES;
				CLANG_ANALYZER_NUMBER_OBJECT_CONVERSION = YES_AGGRESSIVE;
				CLANG_CXX_LANGUAGE_STANDARD = "gnu++20";
				CLANG_ENABLE_MODULES = YES;
				CLANG_ENABLE_OBJC_ARC = YES;
				CLANG_ENABLE_OBJC_WEAK = YES;
				CLANG_WARN_BLOCK_CAPTURE_AUTORELEASING = YES;
				CLANG_WARN_BOOL_CONVERSION = YES;
				CLANG_WARN_COMMA = YES;
				CLANG_WARN_CONSTANT_CONVERSION = YES;
				CLANG_WARN_DEPRECATED_OBJC_IMPLEMENTATIONS = YES;
				CLANG_WARN_DIRECT_OBJC_ISA_USAGE = YES_ERROR;
				CLANG_WARN_DOCUMENTATION_COMMENTS = YES;
				CLANG_WARN_EMPTY_BODY = YES;
				CLANG_WARN_ENUM_CONVERSION = YES;
				CLANG_WARN_INFINITE_RECURSION = YES;
				CLANG_WARN_INT_CONVERSION = YES;
				CLANG_WARN_NON_LITERAL_NULL_CONVERSION = YES;
				CLANG_WARN_OBJC_IMPLICIT_RETAIN_SELF = YES;
				CLANG_WARN_OBJC_LITERAL_CONVERSION = YES;
				CLANG_WARN_OBJC_ROOT_CLASS = YES_ERROR;
				CLANG_WARN_QUOTED_INCLUDE_IN_FRAMEWORK_HEADER = YES;
				CLANG_WARN_RANGE_LOOP_ANALYSIS = YES;
				CLANG_WARN_STRICT_PROTOTYPES = YES;
				CLANG_WARN_SUSPICIOUS_MOVE = YES;
				CLANG_WARN_UNGUARDED_AVAILABILITY = YES_AGGRESSIVE;
				CLANG_WARN_UNREACHABLE_CODE = YES;
				CLANG_WARN__DUPLICATE_METHOD_MATCH = YES;
				COPY_PHASE_STRIP = NO;
				DEBUG_INFORMATION_FORMAT = "dwarf-with-dsym";
				DEVELOPMENT_TEAM = GGPYSL9J3B;
				ENABLE_NS_ASSERTIONS = NO;
				ENABLE_STRICT_OBJC_MSGSEND = YES;
				ENABLE_USER_SCRIPT_SANDBOXING = YES;
				GCC_C_LANGUAGE_STANDARD = gnu17;
				GCC_NO_COMMON_BLOCKS = YES;
				GCC_WARN_64_TO_32_BIT_CONVERSION = YES;
				GCC_WARN_ABOUT_RETURN_TYPE = YES_ERROR;
				GCC_WARN_UNDECLARED_SELECTOR = YES;
				GCC_WARN_UNINITIALIZED_AUTOS = YES_AGGRESSIVE;
				GCC_WARN_UNUSED_FUNCTION = YES;
				GCC_WARN_UNUSED_VARIABLE = YES;
				IPHONEOS_DEPLOYMENT_TARGET = 18.5;
				LOCALIZATION_PREFERS_STRING_CATALOGS = YES;
				MTL_ENABLE_DEBUG_INFO = NO;
				MTL_FAST_MATH = YES;
				SDKROOT = iphoneos;
				SWIFT_COMPILATION_MODE = wholemodule;
				VALIDATE_PRODUCT = YES;
			};
			name = Release;
		};
		8ADF88792E73CAE000EF3638 /* Debug */ = {
			isa = XCBuildConfiguration;
			buildSettings = {
				ASSETCATALOG_COMPILER_APPICON_NAME = AppIcon;
				ASSETCATALOG_COMPILER_GLOBAL_ACCENT_COLOR_NAME = AccentColor;
				CODE_SIGN_STYLE = Automatic;
				CURRENT_PROJECT_VERSION = 1;
				DEVELOPMENT_TEAM = GGPYSL9J3B;
				ENABLE_PREVIEWS = YES;
				GENERATE_INFOPLIST_FILE = YES;
				INFOPLIST_KEY_UIApplicationSceneManifest_Generation = YES;
				INFOPLIST_KEY_UIApplicationSupportsIndirectInputEvents = YES;
				INFOPLIST_KEY_UILaunchScreen_Generation = YES;
				INFOPLIST_KEY_UISupportedInterfaceOrientations_iPad = "UIInterfaceOrientationPortrait UIInterfaceOrientationPortraitUpsideDown UIInterfaceOrientationLandscapeLeft UIInterfaceOrientationLandscapeRight";
				INFOPLIST_KEY_UISupportedInterfaceOrientations_iPhone = "UIInterfaceOrientationPortrait UIInterfaceOrientationLandscapeLeft UIInterfaceOrientationLandscapeRight";
				LD_RUNPATH_SEARCH_PATHS = (
					"$(inherited)",
					"@executable_path/Frameworks",
				);
				MARKETING_VERSION = 1.0;
				PRODUCT_BUNDLE_IDENTIFIER = lukasmaschmann.hammertime;
				PRODUCT_NAME = "$(TARGET_NAME)";
				SWIFT_EMIT_LOC_STRINGS = YES;
				SWIFT_VERSION = 5.0;
				TARGETED_DEVICE_FAMILY = "1,2";
			};
			name = Debug;
		};
		8ADF887A2E73CAE000EF3638 /* Release */ = {
			isa = XCBuildConfiguration;
			buildSettings = {
				ASSETCATALOG_COMPILER_APPICON_NAME = AppIcon;
				ASSETCATALOG_COMPILER_GLOBAL_ACCENT_COLOR_NAME = AccentColor;
				CODE_SIGN_STYLE = Automatic;
				CURRENT_PROJECT_VERSION = 1;
				DEVELOPMENT_TEAM = GGPYSL9J3B;
				ENABLE_PREVIEWS = YES;
				GENERATE_INFOPLIST_FILE = YES;
				INFOPLIST_KEY_UIApplicationSceneManifest_Generation = YES;
				INFOPLIST_KEY_UIApplicationSupportsIndirectInputEvents = YES;
				INFOPLIST_KEY_UILaunchScreen_Generation = YES;
				INFOPLIST_KEY_UISupportedInterfaceOrientations_iPad = "UIInterfaceOrientationPortrait UIInterfaceOrientationPortraitUpsideDown UIInterfaceOrientationLandscapeLeft UIInterfaceOrientationLandscapeRight";
				INFOPLIST_KEY_UISupportedInterfaceOrientations_iPhone = "UIInterfaceOrientationPortrait UIInterfaceOrientationLandscapeLeft UIInterfaceOrientationLandscapeRight";
				LD_RUNPATH_SEARCH_PATHS = (
					"$(inherited)",
					"@executable_path/Frameworks",
				);
				MARKETING_VERSION = 1.0;
				PRODUCT_BUNDLE_IDENTIFIER = lukasmaschmann.hammertime;
				PRODUCT_NAME = "$(TARGET_NAME)";
				SWIFT_EMIT_LOC_STRINGS = YES;
				SWIFT_VERSION = 5.0;
				TARGETED_DEVICE_FAMILY = "1,2";
			};
			name = Release;
		};
		8ADF887C2E73CAE000EF3638 /* Debug */ = {
			isa = XCBuildConfiguration;
			buildSettings = {
				BUNDLE_LOADER = "$(TEST_HOST)";
				CODE_SIGN_STYLE = Automatic;
				CURRENT_PROJECT_VERSION = 1;
				DEVELOPMENT_TEAM = GGPYSL9J3B;
				GENERATE_INFOPLIST_FILE = YES;
				IPHONEOS_DEPLOYMENT_TARGET = 18.5;
				MARKETING_VERSION = 1.0;
				PRODUCT_BUNDLE_IDENTIFIER = lukasmaschmann.hammertimeTests;
				PRODUCT_NAME = "$(TARGET_NAME)";
				SWIFT_EMIT_LOC_STRINGS = NO;
				SWIFT_VERSION = 5.0;
				TARGETED_DEVICE_FAMILY = "1,2";
				TEST_HOST = "$(BUILT_PRODUCTS_DIR)/hammertime.app/$(BUNDLE_EXECUTABLE_FOLDER_PATH)/hammertime";
			};
			name = Debug;
		};
		8ADF887D2E73CAE000EF3638 /* Release */ = {
			isa = XCBuildConfiguration;
			buildSettings = {
				BUNDLE_LOADER = "$(TEST_HOST)";
				CODE_SIGN_STYLE = Automatic;
				CURRENT_PROJECT_VERSION = 1;
				DEVELOPMENT_TEAM = GGPYSL9J3B;
				GENERATE_INFOPLIST_FILE = YES;
				IPHONEOS_DEPLOYMENT_TARGET = 18.5;
				MARKETING_VERSION = 1.0;
				PRODUCT_BUNDLE_IDENTIFIER = lukasmaschmann.hammertimeTests;
				PRODUCT_NAME = "$(TARGET_NAME)";
				SWIFT_EMIT_LOC_STRINGS = NO;
				SWIFT_VERSION = 5.0;
				TARGETED_DEVICE_FAMILY = "1,2";
				TEST_HOST = "$(BUILT_PRODUCTS_DIR)/hammertime.app/$(BUNDLE_EXECUTABLE_FOLDER_PATH)/hammertime";
			};
			name = Release;
		};
		8ADF887F2E73CAE000EF3638 /* Debug */ = {
			isa = XCBuildConfiguration;
			buildSettings = {
				CODE_SIGN_STYLE = Automatic;
				CURRENT_PROJECT_VERSION = 1;
				DEVELOPMENT_TEAM = GGPYSL9J3B;
				GENERATE_INFOPLIST_FILE = YES;
				MARKETING_VERSION = 1.0;
				PRODUCT_BUNDLE_IDENTIFIER = lukasmaschmann.hammertimeUITests;
				PRODUCT_NAME = "$(TARGET_NAME)";
				SWIFT_EMIT_LOC_STRINGS = NO;
				SWIFT_VERSION = 5.0;
				TARGETED_DEVICE_FAMILY = "1,2";
				TEST_TARGET_NAME = hammertime;
			};
			name = Debug;
		};
		8ADF88802E73CAE000EF3638 /* Release */ = {
			isa = XCBuildConfiguration;
			buildSettings = {
				CODE_SIGN_STYLE = Automatic;
				CURRENT_PROJECT_VERSION = 1;
				DEVELOPMENT_TEAM = GGPYSL9J3B;
				GENERATE_INFOPLIST_FILE = YES;
				MARKETING_VERSION = 1.0;
				PRODUCT_BUNDLE_IDENTIFIER = lukasmaschmann.hammertimeUITests;
				PRODUCT_NAME = "$(TARGET_NAME)";
				SWIFT_EMIT_LOC_STRINGS = NO;
				SWIFT_VERSION = 5.0;
				TARGETED_DEVICE_FAMILY = "1,2";
				TEST_TARGET_NAME = hammertime;
			};
			name = Release;
		};
/* End XCBuildConfiguration section */

/* Begin XCConfigurationList section */
		8ADF88522E73CADF00EF3638 /* Build configuration list for PBXProject "hammertime" */ = {
			isa = XCConfigurationList;
			buildConfigurations = (
				8ADF88762E73CAE000EF3638 /* Debug */,
				8ADF88772E73CAE000EF3638 /* Release */,
			);
			defaultConfigurationIsVisible = 0;
			defaultConfigurationName = Release;
		};
		8ADF88782E73CAE000EF3638 /* Build configuration list for PBXNativeTarget "hammertime" */ = {
			isa = XCConfigurationList;
			buildConfigurations = (
				8ADF88792E73CAE000EF3638 /* Debug */,
				8ADF887A2E73CAE000EF3638 /* Release */,
			);
			defaultConfigurationIsVisible = 0;
			defaultConfigurationName = Release;
		};
		8ADF887B2E73CAE000EF3638 /* Build configuration list for PBXNativeTarget "hammertimeTests" */ = {
			isa = XCConfigurationList;
			buildConfigurations = (
				8ADF887C2E73CAE000EF3638 /* Debug */,
				8ADF887D2E73CAE000EF3638 /* Release */,
			);
			defaultConfigurationIsVisible = 0;
			defaultConfigurationName = Release;
		};
		8ADF887E2E73CAE000EF3638 /* Build configuration list for PBXNativeTarget "hammertimeUITests" */ = {
			isa = XCConfigurationList;
			buildConfigurations = (
				8ADF887F2E73CAE000EF3638 /* Debug */,
				8ADF88802E73CAE000EF3638 /* Release */,
			);
			defaultConfigurationIsVisible = 0;
			defaultConfigurationName = Release;
		};
/* End XCConfigurationList section */
	};
	rootObject = 8ADF884F2E73CADF00EF3638 /* Project object */;
}
